
Microsoft Visual Studio Solution File, Format Version 12.00
# Visual Studio 15
VisualStudioVersion = 15.0.26430.16
MinimumVisualStudioVersion = 10.0.40219.1
Project("{FAE04EC0-301F-11D3-BF4B-00C04F79EFBC}") = "zabawa_klasami_cs", "zabawa_klasami_cs\zabawa_klasami_cs.csproj", "{43A25428-F816-4175-A849-88BA7E1BBCDB}"
EndProject
Global
	GlobalSection(SolutionConfigurationPlatforms) = preSolution
		Debug|Any CPU = Debug|Any CPU
		Release|Any CPU = Release|Any CPU
	EndGlobalSection
	GlobalSection(ProjectConfigurationPlatforms) = postSolution
		{43A25428-F816-4175-A849-88BA7E1BBCDB}.Debug|Any CPU.ActiveCfg = Debug|Any CPU
		{43A25428-F816-4175-A849-88BA7E1BBCDB}.Debug|Any CPU.Build.0 = Debug|Any CPU
		{43A25428-F816-4175-A849-88BA7E1BBCDB}.Release|Any CPU.ActiveCfg = Release|Any CPU
		{43A25428-F816-4175-A849-88BA7E1BBCDB}.Release|Any CPU.Build.0 = Release|Any CPU
	EndGlobalSection
	GlobalSection(SolutionProperties) = preSolution
		HideSolutionNode = FALSE
	EndGlobalSection
EndGlobal
